
Microsoft Visual Studio Solution File, Format Version 12.00
# Visual Studio Version 16
VisualStudioVersion = 16.0.29613.14
MinimumVisualStudioVersion = 10.0.40219.1
Project("{FAE04EC0-301F-11D3-BF4B-00C04F79EFBC}") = "AutoMapperProject", "AutoMapperProject\AutoMapperProject.csproj", "{75788F87-3F40-4232-A7F7-ACF7F65B960C}"
EndProject
Project("{FAE04EC0-301F-11D3-BF4B-00C04F79EFBC}") = "SourceType", "SourceType\SourceType.csproj", "{078B3561-66CF-4EA8-AA3C-90CFA70EA711}"
EndProject
Project("{FAE04EC0-301F-11D3-BF4B-00C04F79EFBC}") = "TargetType", "TargetType\TargetType.csproj", "{D21692CD-4724-466B-99A1-0751F71FA3A7}"
EndProject
Project("{FAE04EC0-301F-11D3-BF4B-00C04F79EFBC}") = "AutoMapperConfig", "AutoMapperConfig\AutoMapperConfig.csproj", "{08441560-9DAF-43D4-8BBE-E3D5841FBC1E}"
EndProject
Global
	GlobalSection(SolutionConfigurationPlatforms) = preSolution
		Debug|Any CPU = Debug|Any CPU
		Release|Any CPU = Release|Any CPU
	EndGlobalSection
	GlobalSection(ProjectConfigurationPlatforms) = postSolution
		{75788F87-3F40-4232-A7F7-ACF7F65B960C}.Debug|Any CPU.ActiveCfg = Debug|Any CPU
		{75788F87-3F40-4232-A7F7-ACF7F65B960C}.Debug|Any CPU.Build.0 = Debug|Any CPU
		{75788F87-3F40-4232-A7F7-ACF7F65B960C}.Release|Any CPU.ActiveCfg = Release|Any CPU
		{75788F87-3F40-4232-A7F7-ACF7F65B960C}.Release|Any CPU.Build.0 = Release|Any CPU
		{078B3561-66CF-4EA8-AA3C-90CFA70EA711}.Debug|Any CPU.ActiveCfg = Debug|Any CPU
		{078B3561-66CF-4EA8-AA3C-90CFA70EA711}.Debug|Any CPU.Build.0 = Debug|Any CPU
		{078B3561-66CF-4EA8-AA3C-90CFA70EA711}.Release|Any CPU.ActiveCfg = Release|Any CPU
		{078B3561-66CF-4EA8-AA3C-90CFA70EA711}.Release|Any CPU.Build.0 = Release|Any CPU
		{D21692CD-4724-466B-99A1-0751F71FA3A7}.Debug|Any CPU.ActiveCfg = Debug|Any CPU
		{D21692CD-4724-466B-99A1-0751F71FA3A7}.Debug|Any CPU.Build.0 = Debug|Any CPU
		{D21692CD-4724-466B-99A1-0751F71FA3A7}.Release|Any CPU.ActiveCfg = Release|Any CPU
		{D21692CD-4724-466B-99A1-0751F71FA3A7}.Release|Any CPU.Build.0 = Release|Any CPU
		{08441560-9DAF-43D4-8BBE-E3D5841FBC1E}.Debug|Any CPU.ActiveCfg = Debug|Any CPU
		{08441560-9DAF-43D4-8BBE-E3D5841FBC1E}.Debug|Any CPU.Build.0 = Debug|Any CPU
		{08441560-9DAF-43D4-8BBE-E3D5841FBC1E}.Release|Any CPU.ActiveCfg = Release|Any CPU
		{08441560-9DAF-43D4-8BBE-E3D5841FBC1E}.Release|Any CPU.Build.0 = Release|Any CPU
	EndGlobalSection
	GlobalSection(SolutionProperties) = preSolution
		HideSolutionNode = FALSE
	EndGlobalSection
	GlobalSection(ExtensibilityGlobals) = postSolution
		SolutionGuid = {E18A99EF-2D24-4569-9CEE-B23FCB28BFDC}
	EndGlobalSection
EndGlobal
